Microsoft Visual Studio Solution File, Format Version 12.00
# Visual Studio Version 17
VisualStudioVersion = 17.8.0.0
MinimumVisualStudioVersion = 17.8.0.0
Project("{9A19103F-16F7-4668-BE54-9A1E7A4F7556}") = "MyFirstAspireApp.AppHost", "MyFirstAspireApp.AppHost\MyFirstAspireApp.AppHost.csproj", "{B26FC617-4BEC-413C-95DD-F82B967E5EBC}"
EndProject
Project("{9A19103F-16F7-4668-BE54-9A1E7A4F7556}") = "MyFirstAspireApp.ServiceDefaults", "MyFirstAspireApp.ServiceDefaults\MyFirstAspireApp.ServiceDefaults.csproj", "{DC924873-0D73-445E-9A91-11CE9AE3780F}"
EndProject
Project("{9A19103F-16F7-4668-BE54-9A1E7A4F7556}") = "MyFirstAspireApp.ApiService", "MyFirstAspireApp.ApiService\MyFirstAspireApp.ApiService.csproj", "{EDE72449-997A-44C6-8B75-8F8C544BE00C}"
EndProject
Project("{9A19103F-16F7-4668-BE54-9A1E7A4F7556}") = "MyFirstAspireApp.Web", "MyFirstAspireApp.Web\MyFirstAspireApp.Web.csproj", "{A1EF2682-0649-4FFB-B805-046B40D848AF}"
EndProject
Global
	GlobalSection(SolutionConfigurationPlatforms) = preSolution
		Debug|Any CPU = Debug|Any CPU
		Release|Any CPU = Release|Any CPU
	EndGlobalSection
	GlobalSection(ProjectConfigurationPlatforms) = postSolution
		{B26FC617-4BEC-413C-95DD-F82B967E5EBC}.Debug|Any CPU.ActiveCfg = Debug|Any CPU
		{B26FC617-4BEC-413C-95DD-F82B967E5EBC}.Debug|Any CPU.Build.0 = Debug|Any CPU
		{B26FC617-4BEC-413C-95DD-F82B967E5EBC}.Release|Any CPU.ActiveCfg = Release|Any CPU
		{B26FC617-4BEC-413C-95DD-F82B967E5EBC}.Release|Any CPU.Build.0 = Release|Any CPU
		{DC924873-0D73-445E-9A91-11CE9AE3780F}.Debug|Any CPU.ActiveCfg = Debug|Any CPU
		{DC924873-0D73-445E-9A91-11CE9AE3780F}.Debug|Any CPU.Build.0 = Debug|Any CPU
		{DC924873-0D73-445E-9A91-11CE9AE3780F}.Release|Any CPU.ActiveCfg = Release|Any CPU
		{DC924873-0D73-445E-9A91-11CE9AE3780F}.Release|Any CPU.Build.0 = Release|Any CPU
		{EDE72449-997A-44C6-8B75-8F8C544BE00C}.Debug|Any CPU.ActiveCfg = Debug|Any CPU
		{EDE72449-997A-44C6-8B75-8F8C544BE00C}.Debug|Any CPU.Build.0 = Debug|Any CPU
		{EDE72449-997A-44C6-8B75-8F8C544BE00C}.Release|Any CPU.ActiveCfg = Release|Any CPU
		{EDE72449-997A-44C6-8B75-8F8C544BE00C}.Release|Any CPU.Build.0 = Release|Any CPU
		{A1EF2682-0649-4FFB-B805-046B40D848AF}.Debug|Any CPU.ActiveCfg = Debug|Any CPU
		{A1EF2682-0649-4FFB-B805-046B40D848AF}.Debug|Any CPU.Build.0 = Debug|Any CPU
		{A1EF2682-0649-4FFB-B805-046B40D848AF}.Release|Any CPU.ActiveCfg = Release|Any CPU
		{A1EF2682-0649-4FFB-B805-046B40D848AF}.Release|Any CPU.Build.0 = Release|Any CPU
	EndGlobalSection
	GlobalSection(SolutionProperties) = preSolution
		HideSolutionNode = FALSE
	EndGlobalSection
	GlobalSection(ExtensibilityGlobals) = postSolution
		SolutionGuid = {FE5A579C-280C-426D-82F1-59EB2D58CDA7}
	EndGlobalSection
EndGlobal
